Microsoft Visual Studio Solution File, Format Version 11.00
# Visual Studio 2008

Project("{7751B22B-1E99-91B8-F8F7-75FE66B23D43}") = "LSharp Test", "Assembly-CSharp-vs.csproj", "{B0F1D842-6062-0961-EAD4-601E3D6A7558}"
EndProject
Project("{7751B22B-1E99-91B8-F8F7-75FE66B23D43}") = "LSharp Test", "Assembly-CSharp-Editor-vs.csproj", "{64AEBC6A-DA35-D827-A89B-2BE2F861BFE7}"
EndProject
Global
	GlobalSection(SolutionConfigurationPlatforms) = preSolution
		Debug|Any CPU = Debug|Any CPU
		Release|Any CPU = Release|Any CPU
	EndGlobalSection
	GlobalSection(ProjectConfigurationPlatforms) = postSolution
		{B0F1D842-6062-0961-EAD4-601E3D6A7558}.Debug|Any CPU.ActiveCfg = Debug|Any CPU
		{B0F1D842-6062-0961-EAD4-601E3D6A7558}.Debug|Any CPU.Build.0 = Debug|Any CPU
		{B0F1D842-6062-0961-EAD4-601E3D6A7558}.Release|Any CPU.ActiveCfg = Release|Any CPU
		{B0F1D842-6062-0961-EAD4-601E3D6A7558}.Release|Any CPU.Build.0 = Release|Any CPU
		{64AEBC6A-DA35-D827-A89B-2BE2F861BFE7}.Debug|Any CPU.ActiveCfg = Debug|Any CPU
		{64AEBC6A-DA35-D827-A89B-2BE2F861BFE7}.Debug|Any CPU.Build.0 = Debug|Any CPU
		{64AEBC6A-DA35-D827-A89B-2BE2F861BFE7}.Release|Any CPU.ActiveCfg = Release|Any CPU
		{64AEBC6A-DA35-D827-A89B-2BE2F861BFE7}.Release|Any CPU.Build.0 = Release|Any CPU
	EndGlobalSection
	GlobalSection(SolutionProperties) = preSolution
		HideSolutionNode = FALSE
	EndGlobalSection
									GlobalSection(MonoDevelopProperties) = preSolution
		StartupItem = Assembly-CSharp.csproj
		Policies = $0
		$0.TextStylePolicy = $1
		$1.inheritsSet = null
		$1.scope = text/x-csharp
		$0.CSharpFormattingPolicy = $2
		$2.inheritsSet = Mono
		$2.inheritsScope = text/x-csharp
		$2.scope = text/x-csharp
		$0.TextStylePolicy = $3
		$3.FileWidth = 120
		$3.TabWidth = 4
		$3.EolMarker = Unix
		$3.inheritsSet = Mono
		$3.inheritsScope = text/plain
		$3.scope = text/plain
	EndGlobalSection

EndGlobal
